PODS:
  - CancellablePromiseKit (0.2.0):
    - PromiseKit (~> 6)
  - PromiseKit (6.2.6):
    - PromiseKit/CorePromise (= 6.2.6)
    - PromiseKit/Foundation (= 6.2.6)
    - PromiseKit/UIKit (= 6.2.6)
  - PromiseKit/CorePromise (6.2.6)
  - PromiseKit/Foundation (6.2.6):
    - PromiseKit/CorePromise
  - PromiseKit/UIKit (6.2.6):
    - PromiseKit/CorePromise

DEPENDENCIES:
  - CancellablePromiseKit (from `../`)

SPEC REPOS:
  https://github.com/cocoapods/specs.git:
    - PromiseKit

EXTERNAL SOURCES:
  CancellablePromiseKit:
    :path: "../"

SPEC CHECKSUMS:
  CancellablePromiseKit: 16f2cb15f503f79f463c24048145561598af3b3a
  PromiseKit: 8245cb2e3a8fe00453e580bd4aafb57e1671f501

PODFILE CHECKSUM: 83a80d9070039d3b9f62f1f5a633c2a2549f43fe

COCOAPODS: 1.5.3
