PODS:
  - CancellablePromiseKit (0.3.0):
    - PromiseKit (~> 6)
  - PromiseKit (6.10.0):
    - PromiseKit/CorePromise (= 6.10.0)
    - PromiseKit/Foundation (= 6.10.0)
    - PromiseKit/UIKit (= 6.10.0)
  - PromiseKit/CorePromise (6.10.0)
  - PromiseKit/Foundation (6.10.0):
    - PromiseKit/CorePromise
  - PromiseKit/UIKit (6.10.0):
    - PromiseKit/CorePromise

DEPENDENCIES:
  - CancellablePromiseKit (from `../`)

SPEC REPOS:
  https://github.com/cocoapods/specs.git:
    - PromiseKit

EXTERNAL SOURCES:
  CancellablePromiseKit:
    :path: "../"

SPEC CHECKSUMS:
  CancellablePromiseKit: 869c2408bc7db8b7dddb4a8c8f3924249d9f83a0
  PromiseKit: 1fdaeb6c0a94a5114fcb814ff3d772b86886ad4e

PODFILE CHECKSUM: 83a80d9070039d3b9f62f1f5a633c2a2549f43fe

COCOAPODS: 1.5.3
